<?xml version="1.0" encoding="utf-8"?>
<Project ToolsVersion="4.0" xmlns="http://schemas.microsoft.com/developer/msbuild/2003">
  <ItemGroup>
    <ClCompile Include="$(MSBuildThisFileDirectory)src\EntryPoint_Headless.cpp">
      <Filter>backends\entrypoint</Filter>
    </ClCompile>
    <ClCompile Include="$(MSBuildThisFileDirectory)src\EntryPoint_Wasm.cpp">
      <Filter>backends\entrypoint</Filter>
    </ClCompile>
    <ClCompile Include="$(MSBuildThisFileDirectory)src\EntryPoint_Win32.cpp">
      <Filter>backends\entrypoint</Filter>
    </ClCompile>
    <ClCompile Include="$(MSBuildThisFileDirectory)src\EntryPoint_X11.cpp">
      <Filter>backends\entrypoint</Filter>
    </ClCompile>
    <ClCompile Include="$(MSBuildThisFileDirectory)src\Exports_DLL.cpp">
      <Filter>core\support</Filter>
    </ClCompile>
    <ClCompile Include="$(MSBuildThisFileDirectory)src\LoadSave.cpp">
      <Filter>core</Filter>
    </ClCompile>
    <ClCompile Include="$(MSBuildThisFileDirectory)src\EntryPoint.cpp">
      <Filter>core</Filter>
    </ClCompile>
    <ClCompile Include="$(MSBuildThisFileDirectory)src\EntryPoint_Crossplatform.cpp">
      <Filter>core</Filter>
    </ClCompile>
    <ClCompile Include="$(MSBuildThisFileDirectory)src\AlmondEngine.cpp">
      <Filter>core</Filter>
    </ClCompile>
  </ItemGroup>
  <ItemGroup>
    <ClInclude Include="$(MSBuildThisFileDirectory)src\WaitFreeQueue.h">
      <Filter>core\jobsystem</Filter>
    </ClInclude>
    <ClInclude Include="$(MSBuildThisFileDirectory)src\ThreadPool.h">
      <Filter>core\jobsystem</Filter>
    </ClInclude>
    <ClInclude Include="$(MSBuildThisFileDirectory)src\Coroutine.h">
      <Filter>core\jobsystem</Filter>
    </ClInclude>
    <ClInclude Include="$(MSBuildThisFileDirectory)src\EntryPoint_Android.h">
      <Filter>backends\entrypoint</Filter>
    </ClInclude>
    <ClInclude Include="$(MSBuildThisFileDirectory)src\EntryPoint_Headless.h">
      <Filter>backends\entrypoint</Filter>
    </ClInclude>
    <ClInclude Include="$(MSBuildThisFileDirectory)src\EntryPoint_Wasm.h">
      <Filter>backends\entrypoint</Filter>
    </ClInclude>
    <ClInclude Include="$(MSBuildThisFileDirectory)src\EntryPoint_Win32.h">
      <Filter>backends\entrypoint</Filter>
    </ClInclude>
    <ClInclude Include="$(MSBuildThisFileDirectory)src\EntryPoint_X11.h">
      <Filter>backends\entrypoint</Filter>
    </ClInclude>
    <ClInclude Include="$(MSBuildThisFileDirectory)src\Entity.h">
      <Filter>core\ecs</Filter>
    </ClInclude>
    <ClInclude Include="$(MSBuildThisFileDirectory)src\EntityComponentSystem.h">
      <Filter>core\ecs</Filter>
    </ClInclude>
    <ClInclude Include="$(MSBuildThisFileDirectory)src\Components.h">
      <Filter>core\ecs</Filter>
    </ClInclude>
    <ClInclude Include="$(MSBuildThisFileDirectory)src\ComponentManager.h">
      <Filter>core\ecs</Filter>
    </ClInclude>
    <ClInclude Include="$(MSBuildThisFileDirectory)src\framework.h">
      <Filter>core\support</Filter>
    </ClInclude>
    <ClInclude Include="$(MSBuildThisFileDirectory)src\EventManager.h">
      <Filter>core\events</Filter>
    </ClInclude>
    <ClInclude Include="$(MSBuildThisFileDirectory)src\Event.h">
      <Filter>core\events</Filter>
    </ClInclude>
    <ClInclude Include="$(MSBuildThisFileDirectory)src\MovementEvent.h">
      <Filter>core\events</Filter>
    </ClInclude>
    <ClInclude Include="$(MSBuildThisFileDirectory)src\InputSystem.h">
      <Filter>core\events</Filter>
    </ClInclude>
    <ClInclude Include="$(MSBuildThisFileDirectory)src\Types.h">
      <Filter>core\support</Filter>
    </ClInclude>
    <ClInclude Include="$(MSBuildThisFileDirectory)src\Types_Posix.h">
      <Filter>core\support</Filter>
    </ClInclude>
    <ClInclude Include="$(MSBuildThisFileDirectory)src\Types_Win32.h">
      <Filter>core\support</Filter>
    </ClInclude>
    <ClInclude Include="$(MSBuildThisFileDirectory)src\Utilities.h">
      <Filter>core\support</Filter>
    </ClInclude>
    <ClInclude Include="$(MSBuildThisFileDirectory)src\RenderingSystem.h">
      <Filter>backends\rendering</Filter>
    </ClInclude>
    <ClInclude Include="$(MSBuildThisFileDirectory)src\PhysicsSystem2D.h">
      <Filter>backends\physics</Filter>
    </ClInclude>
    <ClInclude Include="$(MSBuildThisFileDirectory)src\Exports_DLL.h">
      <Filter>core\support</Filter>
    </ClInclude>
    <ClInclude Include="$(MSBuildThisFileDirectory)src\SceneSnapshot.h">
      <Filter>core\scene</Filter>
    </ClInclude>
    <ClInclude Include="$(MSBuildThisFileDirectory)src\Scene.h">
      <Filter>core\scene</Filter>
    </ClInclude>
    <ClInclude Include="$(MSBuildThisFileDirectory)src\TimeKeeper.h">
      <Filter>core</Filter>
    </ClInclude>
    <ClInclude Include="$(MSBuildThisFileDirectory)src\Logger.h">
      <Filter>core</Filter>
    </ClInclude>
    <ClInclude Include="$(MSBuildThisFileDirectory)src\LoadSave.h">
      <Filter>core</Filter>
    </ClInclude>
    <ClInclude Include="$(MSBuildThisFileDirectory)src\EntryPoint.h">
      <Filter>core</Filter>
    </ClInclude>
    <ClInclude Include="$(MSBuildThisFileDirectory)src\EntryPoint_Crossplatform.h">
      <Filter>core</Filter>
    </ClInclude>
    <ClInclude Include="$(MSBuildThisFileDirectory)src\AlmondEngine.h">
      <Filter>core</Filter>
    </ClInclude>
  </ItemGroup>
  <ItemGroup>
    <Filter Include="core">
      <UniqueIdentifier>{b0c6699b-d2b1-4f19-b3eb-a51c162a27fa}</UniqueIdentifier>
    </Filter>
    <Filter Include="backends">
      <UniqueIdentifier>{247a77d6-3647-472b-ae16-d307e7382399}</UniqueIdentifier>
    </Filter>
    <Filter Include="backends\entrypoint">
      <UniqueIdentifier>{8da98cba-19ca-4dab-9da1-3955c9595fae}</UniqueIdentifier>
    </Filter>
    <Filter Include="backends\rendering">
      <UniqueIdentifier>{ad93a682-b57f-4aee-9c8a-6a4b4cac8211}</UniqueIdentifier>
    </Filter>
    <Filter Include="backends\physics">
      <UniqueIdentifier>{3a760668-3ffc-4b16-8e38-7017dc70ff2e}</UniqueIdentifier>
    </Filter>
    <Filter Include="backends\audio">
      <UniqueIdentifier>{58604bdc-41a6-4be6-b3a0-6b3e33894c29}</UniqueIdentifier>
    </Filter>
    <Filter Include="core\scene">
      <UniqueIdentifier>{d172e931-cada-4c75-a3a8-a55115caac52}</UniqueIdentifier>
    </Filter>
    <Filter Include="core\ecs">
      <UniqueIdentifier>{05892b79-aa9c-4ae1-8a30-3c2c3d110730}</UniqueIdentifier>
    </Filter>
    <Filter Include="core\events">
      <UniqueIdentifier>{0a7b7474-0175-4439-9a91-cfb876973539}</UniqueIdentifier>
    </Filter>
    <Filter Include="core\jobsystem">
      <UniqueIdentifier>{33b5f5e3-44f3-460a-8a51-bbfd86b7bd3d}</UniqueIdentifier>
    </Filter>
    <Filter Include="core\support">
      <UniqueIdentifier>{5ea82ab7-0f15-4df0-9b12-90015deb54c1}</UniqueIdentifier>
    </Filter>
  </ItemGroup>
  <ItemGroup>
    <Text Include="$(MSBuildThisFileDirectory)..\CMakeLists.txt" />
  </ItemGroup>
</Project>